
Microsoft Visual Studio Solution File, Format Version 12.00
# Visual Studio Version 16
VisualStudioVersion = 16.0.30204.135
MinimumVisualStudioVersion = 10.0.40219.1
Project("{FAE04EC0-301F-11D3-BF4B-00C04F79EFBC}") = "MathStringLibs", "MathStringLibs\MathStringLibs.csproj", "{197F858D-EA6B-468B-9AF9-C6F2C5106E14}"
EndProject
Project("{FAE04EC0-301F-11D3-BF4B-00C04F79EFBC}") = "MathLib", "MathLib\MathLib.csproj", "{F6E16E2A-4E79-43CE-A4B5-2056F968DF7E}"
EndProject
Project("{FAE04EC0-301F-11D3-BF4B-00C04F79EFBC}") = "StringLib", "StringLib\StringLib.csproj", "{16678018-39D3-424B-8AAA-BD22CAFD5B92}"
EndProject
Global
	GlobalSection(SolutionConfigurationPlatforms) = preSolution
		Debug|Any CPU = Debug|Any CPU
		Release|Any CPU = Release|Any CPU
	EndGlobalSection
	GlobalSection(ProjectConfigurationPlatforms) = postSolution
		{197F858D-EA6B-468B-9AF9-C6F2C5106E14}.Debug|Any CPU.ActiveCfg = Debug|Any CPU
		{197F858D-EA6B-468B-9AF9-C6F2C5106E14}.Debug|Any CPU.Build.0 = Debug|Any CPU
		{197F858D-EA6B-468B-9AF9-C6F2C5106E14}.Release|Any CPU.ActiveCfg = Release|Any CPU
		{197F858D-EA6B-468B-9AF9-C6F2C5106E14}.Release|Any CPU.Build.0 = Release|Any CPU
		{F6E16E2A-4E79-43CE-A4B5-2056F968DF7E}.Debug|Any CPU.ActiveCfg = Debug|Any CPU
		{F6E16E2A-4E79-43CE-A4B5-2056F968DF7E}.Debug|Any CPU.Build.0 = Debug|Any CPU
		{F6E16E2A-4E79-43CE-A4B5-2056F968DF7E}.Release|Any CPU.ActiveCfg = Release|Any CPU
		{F6E16E2A-4E79-43CE-A4B5-2056F968DF7E}.Release|Any CPU.Build.0 = Release|Any CPU
		{16678018-39D3-424B-8AAA-BD22CAFD5B92}.Debug|Any CPU.ActiveCfg = Debug|Any CPU
		{16678018-39D3-424B-8AAA-BD22CAFD5B92}.Debug|Any CPU.Build.0 = Debug|Any CPU
		{16678018-39D3-424B-8AAA-BD22CAFD5B92}.Release|Any CPU.ActiveCfg = Release|Any CPU
		{16678018-39D3-424B-8AAA-BD22CAFD5B92}.Release|Any CPU.Build.0 = Release|Any CPU
	EndGlobalSection
	GlobalSection(SolutionProperties) = preSolution
		HideSolutionNode = FALSE
	EndGlobalSection
	GlobalSection(ExtensibilityGlobals) = postSolution
		SolutionGuid = {CB1887E4-910C-43CA-AFAD-D9B664F3838B}
	EndGlobalSection
EndGlobal
